
Microsoft Visual Studio Solution File, Format Version 12.00
# Visual Studio Version 16
VisualStudioVersion = 16.0.30011.22
MinimumVisualStudioVersion = 10.0.40219.1
Project("{888888A0-9F3D-457C-B088-3A5042F75D52}") = "DSidedFFT", "DSidedFFT.pyproj", "{208F0BED-15E1-45C4-811B-283AE4430154}"
EndProject
Global
	GlobalSection(SolutionConfigurationPlatforms) = preSolution
		Debug|Any CPU = Debug|Any CPU
		Release|Any CPU = Release|Any CPU
	EndGlobalSection
	GlobalSection(ProjectConfigurationPlatforms) = postSolution
		{208F0BED-15E1-45C4-811B-283AE4430154}.Debug|Any CPU.ActiveCfg = Debug|Any CPU
		{208F0BED-15E1-45C4-811B-283AE4430154}.Release|Any CPU.ActiveCfg = Release|Any CPU
	EndGlobalSection
	GlobalSection(SolutionProperties) = preSolution
		HideSolutionNode = FALSE
	EndGlobalSection
	GlobalSection(ExtensibilityGlobals) = postSolution
		SolutionGuid = {6DADC5DC-84C4-4CBB-B09D-E4CD265F59BB}
	EndGlobalSection
EndGlobal
